
Microsoft Visual Studio Solution File, Format Version 12.00
# Visual Studio Version 17
VisualStudioVersion = 17.0.31423.177
MinimumVisualStudioVersion = 10.0.40219.1
Project("{FAE04EC0-301F-11D3-BF4B-00C04F79EFBC}") = "RSATutorial", "RSATutorial\RSATutorial.csproj", "{E260F622-220D-4BDD-B91C-8B58FA6BBC46}"
EndProject
Global
	GlobalSection(SolutionConfigurationPlatforms) = preSolution
		Debug|Any CPU = Debug|Any CPU
		Release|Any CPU = Release|Any CPU
	EndGlobalSection
	GlobalSection(ProjectConfigurationPlatforms) = postSolution
		{E260F622-220D-4BDD-B91C-8B58FA6BBC46}.Debug|Any CPU.ActiveCfg = Debug|Any CPU
		{E260F622-220D-4BDD-B91C-8B58FA6BBC46}.Debug|Any CPU.Build.0 = Debug|Any CPU
		{E260F622-220D-4BDD-B91C-8B58FA6BBC46}.Release|Any CPU.ActiveCfg = Release|Any CPU
		{E260F622-220D-4BDD-B91C-8B58FA6BBC46}.Release|Any CPU.Build.0 = Release|Any CPU
	EndGlobalSection
	GlobalSection(SolutionProperties) = preSolution
		HideSolutionNode = FALSE
	EndGlobalSection
	GlobalSection(ExtensibilityGlobals) = postSolution
		SolutionGuid = {211BF404-247C-479F-A9F8-4EC0DA67E676}
	EndGlobalSection
EndGlobal
